
Microsoft Visual Studio Solution File, Format Version 12.00
# Visual Studio 14
VisualStudioVersion = 14.0.25420.1
MinimumVisualStudioVersion = 10.0.40219.1
Project("{FAE04EC0-301F-11D3-BF4B-00C04F79EFBC}") = "Week7", "Week7\Week7.csproj", "{5266FE99-0C7E-439E-BB1F-069C735B5EB1}"
EndProject
Project("{FAE04EC0-301F-11D3-BF4B-00C04F79EFBC}") = "QueryOperators", "QueryOperators\QueryOperators.csproj", "{C2730578-A7C0-41DF-B5B2-B7ECA31F9429}"
EndProject
Project("{FAE04EC0-301F-11D3-BF4B-00C04F79EFBC}") = "AnonymousMethod", "AnonymousMethod\AnonymousMethod.csproj", "{CD2F3F32-ACC8-42E0-B59C-402A3D1E1E93}"
EndProject
Project("{FAE04EC0-301F-11D3-BF4B-00C04F79EFBC}") = "ExtensionMethod", "ExtensionMethod\ExtensionMethod.csproj", "{8101D5BB-9711-463D-B119-4D3FFB49E650}"
EndProject
Global
	GlobalSection(SolutionConfigurationPlatforms) = preSolution
		Debug|Any CPU = Debug|Any CPU
		Release|Any CPU = Release|Any CPU
	EndGlobalSection
	GlobalSection(ProjectConfigurationPlatforms) = postSolution
		{5266FE99-0C7E-439E-BB1F-069C735B5EB1}.Debug|Any CPU.ActiveCfg = Debug|Any CPU
		{5266FE99-0C7E-439E-BB1F-069C735B5EB1}.Debug|Any CPU.Build.0 = Debug|Any CPU
		{5266FE99-0C7E-439E-BB1F-069C735B5EB1}.Release|Any CPU.ActiveCfg = Release|Any CPU
		{5266FE99-0C7E-439E-BB1F-069C735B5EB1}.Release|Any CPU.Build.0 = Release|Any CPU
		{C2730578-A7C0-41DF-B5B2-B7ECA31F9429}.Debug|Any CPU.ActiveCfg = Debug|Any CPU
		{C2730578-A7C0-41DF-B5B2-B7ECA31F9429}.Debug|Any CPU.Build.0 = Debug|Any CPU
		{C2730578-A7C0-41DF-B5B2-B7ECA31F9429}.Release|Any CPU.ActiveCfg = Release|Any CPU
		{C2730578-A7C0-41DF-B5B2-B7ECA31F9429}.Release|Any CPU.Build.0 = Release|Any CPU
		{CD2F3F32-ACC8-42E0-B59C-402A3D1E1E93}.Debug|Any CPU.ActiveCfg = Debug|Any CPU
		{CD2F3F32-ACC8-42E0-B59C-402A3D1E1E93}.Debug|Any CPU.Build.0 = Debug|Any CPU
		{CD2F3F32-ACC8-42E0-B59C-402A3D1E1E93}.Release|Any CPU.ActiveCfg = Release|Any CPU
		{CD2F3F32-ACC8-42E0-B59C-402A3D1E1E93}.Release|Any CPU.Build.0 = Release|Any CPU
		{8101D5BB-9711-463D-B119-4D3FFB49E650}.Debug|Any CPU.ActiveCfg = Debug|Any CPU
		{8101D5BB-9711-463D-B119-4D3FFB49E650}.Debug|Any CPU.Build.0 = Debug|Any CPU
		{8101D5BB-9711-463D-B119-4D3FFB49E650}.Release|Any CPU.ActiveCfg = Release|Any CPU
		{8101D5BB-9711-463D-B119-4D3FFB49E650}.Release|Any CPU.Build.0 = Release|Any CPU
	EndGlobalSection
	GlobalSection(SolutionProperties) = preSolution
		HideSolutionNode = FALSE
	EndGlobalSection
EndGlobal
